
Microsoft Visual Studio Solution File, Format Version 12.00
Project("{FAE04EC0-301F-11D3-BF4B-00C04F79EFBC}") = "eParafiia", "eParafiia\eParafiia.csproj", "{53DE93A3-1168-48CF-9771-2F57F32BE20B}"
EndProject
Global
	GlobalSection(SolutionConfigurationPlatforms) = preSolution
		Debug|Any CPU = Debug|Any CPU
		Release|Any CPU = Release|Any CPU
	EndGlobalSection
	GlobalSection(ProjectConfigurationPlatforms) = postSolution
		{53DE93A3-1168-48CF-9771-2F57F32BE20B}.Debug|Any CPU.ActiveCfg = Debug|Any CPU
		{53DE93A3-1168-48CF-9771-2F57F32BE20B}.Debug|Any CPU.Build.0 = Debug|Any CPU
		{53DE93A3-1168-48CF-9771-2F57F32BE20B}.Release|Any CPU.ActiveCfg = Release|Any CPU
		{53DE93A3-1168-48CF-9771-2F57F32BE20B}.Release|Any CPU.Build.0 = Release|Any CPU
	EndGlobalSection
EndGlobal
